// !$*UTF8*$!
{
	archiveVersion = 1;
	classes = {
	};
	objectVersion = 77;
	objects = {

/* Begin PBXBuildFile section */
		952487CF2D5E4C9400852232 /* AppGroup.swift in Sources */ = {isa = PBXBuildFile; fileRef = 952487CE2D5E4C9400852232 /* AppGroup.swift */; };
		952487D02D5E4C9400852232 /* AppGroup.swift in Sources */ = {isa = PBXBuildFile; fileRef = 952487CE2D5E4C9400852232 /* AppGroup.swift */; };
		959911F92D29FC3400654A78 /* WidgetKit.framework in Frameworks */ = {isa = PBXBuildFile; fileRef = 959911F82D29FC3400654A78 /* WidgetKit.framework */; };
		959911FB2D29FC3400654A78 /* SwiftUI.framework in Frameworks */ = {isa = PBXBuildFile; fileRef = 959911FA2D29FC3400654A78 /* SwiftUI.framework */; };
		9599120C2D29FC3500654A78 /* DailyIdiomExtension.appex in Embed Foundation Extensions */ = {isa = PBXBuildFile; fileRef = 959911F62D29FC3400654A78 /* DailyIdiomExtension.appex */; settings = {ATTRIBUTES = (RemoveHeadersOnCopy, ); }; };
		9599126F2D3641DF00654A78 /* idioms.json in Resources */ = {isa = PBXBuildFile; fileRef = 9599126C2D3641DF00654A78 /* idioms.json */; };
		959912702D3641DF00654A78 /* idioms.json in Resources */ = {isa = PBXBuildFile; fileRef = 9599126C2D3641DF00654A78 /* idioms.json */; };
		959912D52D380C9C00654A78 /* Idiom.swift in Sources */ = {isa = PBXBuildFile; fileRef = 959912D42D380C9C00654A78 /* Idiom.swift */; };
		959912D62D380C9C00654A78 /* Idiom.swift in Sources */ = {isa = PBXBuildFile; fileRef = 959912D42D380C9C00654A78 /* Idiom.swift */; };
		959912D82D380CAD00654A78 /* IdiomProvider.swift in Sources */ = {isa = PBXBuildFile; fileRef = 959912D72D380CAD00654A78 /* IdiomProvider.swift */; };
		959912D92D380CAD00654A78 /* IdiomProvider.swift in Sources */ = {isa = PBXBuildFile; fileRef = 959912D72D380CAD00654A78 /* IdiomProvider.swift */; };
/* End PBXBuildFile section */

/* Begin PBXContainerItemProxy section */
		9599120A2D29FC3500654A78 /* PBXContainerItemProxy */ = {
			isa = PBXContainerItemProxy;
			containerPortal = 959911D52D29F88F00654A78 /* Project object */;
			proxyType = 1;
			remoteGlobalIDString = 959911F52D29FC3400654A78;
			remoteInfo = DailyIdiomExtension;
		};
/* End PBXContainerItemProxy section */

/* Begin PBXCopyFilesBuildPhase section */
		959912112D29FC3500654A78 /* Embed Foundation Extensions */ = {
			isa = PBXCopyFilesBuildPhase;
			buildActionMask = 2147483647;
			dstPath = "";
			dstSubfolderSpec = 13;
			files = (
				9599120C2D29FC3500654A78 /* DailyIdiomExtension.appex in Embed Foundation Extensions */,
			);
			name = "Embed Foundation Extensions";
			runOnlyForDeploymentPostprocessing = 0;
		};
/* End PBXCopyFilesBuildPhase section */

/* Begin PBXFileReference section */
		952487CD2D5E3AC800852232 /* DailyIdiomExtension.entitlements */ = {isa = PBXFileReference; lastKnownFileType = text.plist.entitlements; path = DailyIdiomExtension.entitlements; sourceTree = "<group>"; };
		952487CE2D5E4C9400852232 /* AppGroup.swift */ = {isa = PBXFileReference; lastKnownFileType = sourcecode.swift; path = AppGroup.swift; sourceTree = "<group>"; };
		959911DD2D29F88F00654A78 /* DailyChineseIdioms.app */ = {isa = PBXFileReference; explicitFileType = wrapper.application; includeInIndex = 0; path = DailyChineseIdioms.app; sourceTree = BUILT_PRODUCTS_DIR; };
		959911F62D29FC3400654A78 /* DailyIdiomExtension.appex */ = {isa = PBXFileReference; explicitFileType = "wrapper.app-extension"; includeInIndex = 0; path = DailyIdiomExtension.appex; sourceTree = BUILT_PRODUCTS_DIR; };
		959911F82D29FC3400654A78 /* WidgetKit.framework */ = {isa = PBXFileReference; lastKnownFileType = wrapper.framework; name = WidgetKit.framework; path = System/Library/Frameworks/WidgetKit.framework; sourceTree = SDKROOT; };
		959911FA2D29FC3400654A78 /* SwiftUI.framework */ = {isa = PBXFileReference; lastKnownFileType = wrapper.framework; name = SwiftUI.framework; path = System/Library/Frameworks/SwiftUI.framework; sourceTree = SDKROOT; };
		9599126C2D3641DF00654A78 /* idioms.json */ = {isa = PBXFileReference; lastKnownFileType = text.json; path = idioms.json; sourceTree = "<group>"; };
		959912D42D380C9C00654A78 /* Idiom.swift */ = {isa = PBXFileReference; lastKnownFileType = sourcecode.swift; path = Idiom.swift; sourceTree = "<group>"; };
		959912D72D380CAD00654A78 /* IdiomProvider.swift */ = {isa = PBXFileReference; lastKnownFileType = sourcecode.swift; path = IdiomProvider.swift; sourceTree = "<group>"; };
/* End PBXFileReference section */

/* Begin PBXFileSystemSynchronizedBuildFileExceptionSet section */
		9599120D2D29FC3500654A78 /* Exceptions for "DailyIdiom" folder in "DailyIdiomExtension" target */ = {
			isa = PBXFileSystemSynchronizedBuildFileExceptionSet;
			membershipExceptions = (
				Info.plist,
			);
			target = 959911F52D29FC3400654A78 /* DailyIdiomExtension */;
		};
/* End PBXFileSystemSynchronizedBuildFileExceptionSet section */

/* Begin PBXFileSystemSynchronizedRootGroup section */
		959911DF2D29F88F00654A78 /* DailyChineseIdiom */ = {
			isa = PBXFileSystemSynchronizedRootGroup;
			path = DailyChineseIdiom;
			sourceTree = "<group>";
		};
		959911FC2D29FC3400654A78 /* DailyIdiom */ = {
			isa = PBXFileSystemSynchronizedRootGroup;
			exceptions = (
				9599120D2D29FC3500654A78 /* Exceptions for "DailyIdiom" folder in "DailyIdiomExtension" target */,
			);
			path = DailyIdiom;
			sourceTree = "<group>";
		};
/* End PBXFileSystemSynchronizedRootGroup section */

/* Begin PBXFrameworksBuildPhase section */
		959911DA2D29F88F00654A78 /* Frameworks */ = {
			isa = PBXFrameworksBuildPhase;
			buildActionMask = 2147483647;
			files = (
			);
			runOnlyForDeploymentPostprocessing = 0;
		};
		959911F32D29FC3400654A78 /* Frameworks */ = {
			isa = PBXFrameworksBuildPhase;
			buildActionMask = 2147483647;
			files = (
				959911FB2D29FC3400654A78 /* SwiftUI.framework in Frameworks */,
				959911F92D29FC3400654A78 /* WidgetKit.framework in Frameworks */,
			);
			runOnlyForDeploymentPostprocessing = 0;
		};
/* End PBXFrameworksBuildPhase section */

/* Begin PBXGroup section */
		959911D42D29F88F00654A78 = {
			isa = PBXGroup;
			children = (
				952487CD2D5E3AC800852232 /* DailyIdiomExtension.entitlements */,
				9599126E2D3641DF00654A78 /* Shared */,
				959911DF2D29F88F00654A78 /* DailyChineseIdiom */,
				959911FC2D29FC3400654A78 /* DailyIdiom */,
				959911F72D29FC3400654A78 /* Frameworks */,
				959911DE2D29F88F00654A78 /* Products */,
			);
			sourceTree = "<group>";
		};
		959911DE2D29F88F00654A78 /* Products */ = {
			isa = PBXGroup;
			children = (
				959911DD2D29F88F00654A78 /* DailyChineseIdioms.app */,
				959911F62D29FC3400654A78 /* DailyIdiomExtension.appex */,
			);
			name = Products;
			sourceTree = "<group>";
		};
		959911F72D29FC3400654A78 /* Frameworks */ = {
			isa = PBXGroup;
			children = (
				959911F82D29FC3400654A78 /* WidgetKit.framework */,
				959911FA2D29FC3400654A78 /* SwiftUI.framework */,
			);
			name = Frameworks;
			sourceTree = "<group>";
		};
		9599126D2D3641DF00654A78 /* Resources */ = {
			isa = PBXGroup;
			children = (
				959912D42D380C9C00654A78 /* Idiom.swift */,
				9599126C2D3641DF00654A78 /* idioms.json */,
			);
			path = Resources;
			sourceTree = "<group>";
		};
		9599126E2D3641DF00654A78 /* Shared */ = {
			isa = PBXGroup;
			children = (
				959912D72D380CAD00654A78 /* IdiomProvider.swift */,
				9599126D2D3641DF00654A78 /* Resources */,
				952487CE2D5E4C9400852232 /* AppGroup.swift */,
			);
			path = Shared;
			sourceTree = "<group>";
		};
/* End PBXGroup section */

/* Begin PBXNativeTarget section */
		959911DC2D29F88F00654A78 /* DailyChineseIdioms */ = {
			isa = PBXNativeTarget;
			buildConfigurationList = 959911EC2D29F89000654A78 /* Build configuration list for PBXNativeTarget "DailyChineseIdioms" */;
			buildPhases = (
				959911D92D29F88F00654A78 /* Sources */,
				959911DA2D29F88F00654A78 /* Frameworks */,
				959911DB2D29F88F00654A78 /* Resources */,
				959912112D29FC3500654A78 /* Embed Foundation Extensions */,
			);
			buildRules = (
			);
			dependencies = (
				9599120B2D29FC3500654A78 /* PBXTargetDependency */,
			);
			fileSystemSynchronizedGroups = (
				959911DF2D29F88F00654A78 /* DailyChineseIdiom */,
			);
			name = DailyChineseIdioms;
			packageProductDependencies = (
			);
			productName = DailyChineseIdiom;
			productReference = 959911DD2D29F88F00654A78 /* DailyChineseIdioms.app */;
			productType = "com.apple.product-type.application";
		};
		959911F52D29FC3400654A78 /* DailyIdiomExtension */ = {
			isa = PBXNativeTarget;
			buildConfigurationList = 9599120E2D29FC3500654A78 /* Build configuration list for PBXNativeTarget "DailyIdiomExtension" */;
			buildPhases = (
				959911F22D29FC3400654A78 /* Sources */,
				959911F32D29FC3400654A78 /* Frameworks */,
				959911F42D29FC3400654A78 /* Resources */,
			);
			buildRules = (
			);
			dependencies = (
			);
			fileSystemSynchronizedGroups = (
				959911FC2D29FC3400654A78 /* DailyIdiom */,
			);
			name = DailyIdiomExtension;
			packageProductDependencies = (
			);
			productName = DailyIdiomExtension;
			productReference = 959911F62D29FC3400654A78 /* DailyIdiomExtension.appex */;
			productType = "com.apple.product-type.app-extension";
		};
/* End PBXNativeTarget section */

/* Begin PBXProject section */
		959911D52D29F88F00654A78 /* Project object */ = {
			isa = PBXProject;
			attributes = {
				BuildIndependentTargetsInParallel = 1;
				LastSwiftUpdateCheck = 1620;
				LastUpgradeCheck = 1620;
				TargetAttributes = {
					959911DC2D29F88F00654A78 = {
						CreatedOnToolsVersion = 16.2;
					};
					959911F52D29FC3400654A78 = {
						CreatedOnToolsVersion = 16.2;
					};
				};
			};
			buildConfigurationList = 959911D82D29F88F00654A78 /* Build configuration list for PBXProject "DailyChineseIdioms" */;
			developmentRegion = en;
			hasScannedForEncodings = 0;
			knownRegions = (
				en,
				Base,
			);
			mainGroup = 959911D42D29F88F00654A78;
			minimizedProjectReferenceProxies = 1;
			preferredProjectObjectVersion = 77;
			productRefGroup = 959911DE2D29F88F00654A78 /* Products */;
			projectDirPath = "";
			projectRoot = "";
			targets = (
				959911DC2D29F88F00654A78 /* DailyChineseIdioms */,
				959911F52D29FC3400654A78 /* DailyIdiomExtension */,
			);
		};
/* End PBXProject section */

/* Begin PBXResourcesBuildPhase section */
		959911DB2D29F88F00654A78 /* Resources */ = {
			isa = PBXResourcesBuildPhase;
			buildActionMask = 2147483647;
			files = (
				959912702D3641DF00654A78 /* idioms.json in Resources */,
			);
			runOnlyForDeploymentPostprocessing = 0;
		};
		959911F42D29FC3400654A78 /* Resources */ = {
			isa = PBXResourcesBuildPhase;
			buildActionMask = 2147483647;
			files = (
				9599126F2D3641DF00654A78 /* idioms.json in Resources */,
			);
			runOnlyForDeploymentPostprocessing = 0;
		};
/* End PBXResourcesBuildPhase section */

/* Begin PBXSourcesBuildPhase section */
		959911D92D29F88F00654A78 /* Sources */ = {
			isa = PBXSourcesBuildPhase;
			buildActionMask = 2147483647;
			files = (
				952487D02D5E4C9400852232 /* AppGroup.swift in Sources */,
				959912D82D380CAD00654A78 /* IdiomProvider.swift in Sources */,
				959912D62D380C9C00654A78 /* Idiom.swift in Sources */,
			);
			runOnlyForDeploymentPostprocessing = 0;
		};
		959911F22D29FC3400654A78 /* Sources */ = {
			isa = PBXSourcesBuildPhase;
			buildActionMask = 2147483647;
			files = (
				952487CF2D5E4C9400852232 /* AppGroup.swift in Sources */,
				959912D92D380CAD00654A78 /* IdiomProvider.swift in Sources */,
				959912D52D380C9C00654A78 /* Idiom.swift in Sources */,
			);
			runOnlyForDeploymentPostprocessing = 0;
		};
/* End PBXSourcesBuildPhase section */

/* Begin PBXTargetDependency section */
		9599120B2D29FC3500654A78 /* PBXTargetDependency */ = {
			isa = PBXTargetDependency;
			target = 959911F52D29FC3400654A78 /* DailyIdiomExtension */;
			targetProxy = 9599120A2D29FC3500654A78 /* PBXContainerItemProxy */;
		};
/* End PBXTargetDependency section */

/* Begin XCBuildConfiguration section */
		959911EA2D29F89000654A78 /* Debug */ = {
			isa = XCBuildConfiguration;
			buildSettings = {
				ALWAYS_SEARCH_USER_PATHS = NO;
				ASSETCATALOG_COMPILER_GENERATE_SWIFT_ASSET_SYMBOL_EXTENSIONS = YES;
				CLANG_ANALYZER_NONNULL = YES;
				CLANG_ANALYZER_NUMBER_OBJECT_CONVERSION = YES_AGGRESSIVE;
				CLANG_CXX_LANGUAGE_STANDARD = "gnu++20";
				CLANG_ENABLE_MODULES = YES;
				CLANG_ENABLE_OBJC_ARC = YES;
				CLANG_ENABLE_OBJC_WEAK = YES;
				CLANG_WARN_BLOCK_CAPTURE_AUTORELEASING = YES;
				CLANG_WARN_BOOL_CONVERSION = YES;
				CLANG_WARN_COMMA = YES;
				CLANG_WARN_CONSTANT_CONVERSION = YES;
				CLANG_WARN_DEPRECATED_OBJC_IMPLEMENTATIONS = YES;
				CLANG_WARN_DIRECT_OBJC_ISA_USAGE = YES_ERROR;
				CLANG_WARN_DOCUMENTATION_COMMENTS = YES;
				CLANG_WARN_EMPTY_BODY = YES;
				CLANG_WARN_ENUM_CONVERSION = YES;
				CLANG_WARN_INFINITE_RECURSION = YES;
				CLANG_WARN_INT_CONVERSION = YES;
				CLANG_WARN_NON_LITERAL_NULL_CONVERSION = YES;
				CLANG_WARN_OBJC_IMPLICIT_RETAIN_SELF = YES;
				CLANG_WARN_OBJC_LITERAL_CONVERSION = YES;
				CLANG_WARN_OBJC_ROOT_CLASS = YES_ERROR;
				CLANG_WARN_QUOTED_INCLUDE_IN_FRAMEWORK_HEADER = YES;
				CLANG_WARN_RANGE_LOOP_ANALYSIS = YES;
				CLANG_WARN_STRICT_PROTOTYPES = YES;
				CLANG_WARN_SUSPICIOUS_MOVE = YES;
				CLANG_WARN_UNGUARDED_AVAILABILITY = YES_AGGRESSIVE;
				CLANG_WARN_UNREACHABLE_CODE = YES;
				CLANG_WARN__DUPLICATE_METHOD_MATCH = YES;
				COPY_PHASE_STRIP = NO;
				DEBUG_INFORMATION_FORMAT = dwarf;
				ENABLE_STRICT_OBJC_MSGSEND = YES;
				ENABLE_TESTABILITY = YES;
				ENABLE_USER_SCRIPT_SANDBOXING = YES;
				GCC_C_LANGUAGE_STANDARD = gnu17;
				GCC_DYNAMIC_NO_PIC = NO;
				GCC_NO_COMMON_BLOCKS = YES;
				GCC_OPTIMIZATION_LEVEL = 0;
				GCC_PREPROCESSOR_DEFINITIONS = (
					"DEBUG=1",
					"$(inherited)",
				);
				GCC_WARN_64_TO_32_BIT_CONVERSION = YES;
				GCC_WARN_ABOUT_RETURN_TYPE = YES_ERROR;
				GCC_WARN_UNDECLARED_SELECTOR = YES;
				GCC_WARN_UNINITIALIZED_AUTOS = YES_AGGRESSIVE;
				GCC_WARN_UNUSED_FUNCTION = YES;
				GCC_WARN_UNUSED_VARIABLE = YES;
				LOCALIZATION_PREFERS_STRING_CATALOGS = YES;
				MTL_ENABLE_DEBUG_INFO = INCLUDE_SOURCE;
				MTL_FAST_MATH = YES;
				ONLY_ACTIVE_ARCH = YES;
				SWIFT_ACTIVE_COMPILATION_CONDITIONS = "DEBUG $(inherited)";
				SWIFT_OPTIMIZATION_LEVEL = "-Onone";
			};
			name = Debug;
		};
		959911EB2D29F89000654A78 /* Release */ = {
			isa = XCBuildConfiguration;
			buildSettings = {
				ALWAYS_SEARCH_USER_PATHS = NO;
				ASSETCATALOG_COMPILER_GENERATE_SWIFT_ASSET_SYMBOL_EXTENSIONS = YES;
				CLANG_ANALYZER_NONNULL = YES;
				CLANG_ANALYZER_NUMBER_OBJECT_CONVERSION = YES_AGGRESSIVE;
				CLANG_CXX_LANGUAGE_STANDARD = "gnu++20";
				CLANG_ENABLE_MODULES = YES;
				CLANG_ENABLE_OBJC_ARC = YES;
				CLANG_ENABLE_OBJC_WEAK = YES;
				CLANG_WARN_BLOCK_CAPTURE_AUTORELEASING = YES;
				CLANG_WARN_BOOL_CONVERSION = YES;
				CLANG_WARN_COMMA = YES;
				CLANG_WARN_CONSTANT_CONVERSION = YES;
				CLANG_WARN_DEPRECATED_OBJC_IMPLEMENTATIONS = YES;
				CLANG_WARN_DIRECT_OBJC_ISA_USAGE = YES_ERROR;
				CLANG_WARN_DOCUMENTATION_COMMENTS = YES;
				CLANG_WARN_EMPTY_BODY = YES;
				CLANG_WARN_ENUM_CONVERSION = YES;
				CLANG_WARN_INFINITE_RECURSION = YES;
				CLANG_WARN_INT_CONVERSION = YES;
				CLANG_WARN_NON_LITERAL_NULL_CONVERSION = YES;
				CLANG_WARN_OBJC_IMPLICIT_RETAIN_SELF = YES;
				CLANG_WARN_OBJC_LITERAL_CONVERSION = YES;
				CLANG_WARN_OBJC_ROOT_CLASS = YES_ERROR;
				CLANG_WARN_QUOTED_INCLUDE_IN_FRAMEWORK_HEADER = YES;
				CLANG_WARN_RANGE_LOOP_ANALYSIS = YES;
				CLANG_WARN_STRICT_PROTOTYPES = YES;
				CLANG_WARN_SUSPICIOUS_MOVE = YES;
				CLANG_WARN_UNGUARDED_AVAILABILITY = YES_AGGRESSIVE;
				CLANG_WARN_UNREACHABLE_CODE = YES;
				CLANG_WARN__DUPLICATE_METHOD_MATCH = YES;
				COPY_PHASE_STRIP = NO;
				DEBUG_INFORMATION_FORMAT = "dwarf-with-dsym";
				ENABLE_NS_ASSERTIONS = NO;
				ENABLE_STRICT_OBJC_MSGSEND = YES;
				ENABLE_USER_SCRIPT_SANDBOXING = YES;
				GCC_C_LANGUAGE_STANDARD = gnu17;
				GCC_NO_COMMON_BLOCKS = YES;
				GCC_WARN_64_TO_32_BIT_CONVERSION = YES;
				GCC_WARN_ABOUT_RETURN_TYPE = YES_ERROR;
				GCC_WARN_UNDECLARED_SELECTOR = YES;
				GCC_WARN_UNINITIALIZED_AUTOS = YES_AGGRESSIVE;
				GCC_WARN_UNUSED_FUNCTION = YES;
				GCC_WARN_UNUSED_VARIABLE = YES;
				LOCALIZATION_PREFERS_STRING_CATALOGS = YES;
				MTL_ENABLE_DEBUG_INFO = NO;
				MTL_FAST_MATH = YES;
				SWIFT_COMPILATION_MODE = wholemodule;
			};
			name = Release;
		};
		959911ED2D29F89000654A78 /* Debug */ = {
			isa = XCBuildConfiguration;
			buildSettings = {
				ASSETCATALOG_COMPILER_APPICON_NAME = AppIcon;
				ASSETCATALOG_COMPILER_GLOBAL_ACCENT_COLOR_NAME = AccentColor;
				ASSETCATALOG_COMPILER_INCLUDE_ALL_APPICON_ASSETS = YES;
				CODE_SIGN_ENTITLEMENTS = DailyChineseIdiom/DailyChineseIdiom.entitlements;
				CODE_SIGN_STYLE = Automatic;
				CURRENT_PROJECT_VERSION = 1.20;
				DEVELOPMENT_ASSET_PATHS = "\"DailyChineseIdiom/Preview Content\"";
				DEVELOPMENT_TEAM = JU395NH3KL;
				ENABLE_HARDENED_RUNTIME = YES;
				ENABLE_PREVIEWS = YES;
				GENERATE_INFOPLIST_FILE = YES;
				INFOPLIST_KEY_CFBundleDisplayName = ChengYu;
				INFOPLIST_KEY_LSApplicationCategoryType = "public.app-category.education";
				"INFOPLIST_KEY_UIApplicationSceneManifest_Generation[sdk=iphoneos*]" = YES;
				"INFOPLIST_KEY_UIApplicationSceneManifest_Generation[sdk=iphonesimulator*]" = YES;
				"INFOPLIST_KEY_UIApplicationSupportsIndirectInputEvents[sdk=iphoneos*]" = YES;
				"INFOPLIST_KEY_UIApplicationSupportsIndirectInputEvents[sdk=iphonesimulator*]" = YES;
				"INFOPLIST_KEY_UILaunchScreen_Generation[sdk=iphoneos*]" = YES;
				"INFOPLIST_KEY_UILaunchScreen_Generation[sdk=iphonesimulator*]" = YES;
				"INFOPLIST_KEY_UIStatusBarStyle[sdk=iphoneos*]" = UIStatusBarStyleDefault;
				"INFOPLIST_KEY_UIStatusBarStyle[sdk=iphonesimulator*]" = UIStatusBarStyleDefault;
				INFOPLIST_KEY_UISupportedInterfaceOrientations_iPad = "UIInterfaceOrientationPortrait UIInterfaceOrientationPortraitUpsideDown UIInterfaceOrientationLandscapeLeft UIInterfaceOrientationLandscapeRight";
				INFOPLIST_KEY_UISupportedInterfaceOrientations_iPhone = "UIInterfaceOrientationPortrait UIInterfaceOrientationLandscapeLeft UIInterfaceOrientationLandscapeRight";
				IPHONEOS_DEPLOYMENT_TARGET = 18.0;
				LD_RUNPATH_SEARCH_PATHS = "@executable_path/Frameworks";
				"LD_RUNPATH_SEARCH_PATHS[sdk=macosx*]" = "@executable_path/../Frameworks";
				MACOSX_DEPLOYMENT_TARGET = 15.1;
				MARKETING_VERSION = 1.06;
				PRODUCT_BUNDLE_IDENTIFIER = com.wilsonlimsetiawan.dailychineseidioms;
				PRODUCT_NAME = "$(TARGET_NAME)";
				SDKROOT = auto;
				SUPPORTED_PLATFORMS = "iphoneos iphonesimulator";
				SUPPORTS_MACCATALYST = NO;
				SWIFT_EMIT_LOC_STRINGS = YES;
				SWIFT_VERSION = 5.0;
				TARGETED_DEVICE_FAMILY = 1;
				XROS_DEPLOYMENT_TARGET = 2.2;
			};
			name = Debug;
		};
		959911EE2D29F89000654A78 /* Release */ = {
			isa = XCBuildConfiguration;
			buildSettings = {
				ASSETCATALOG_COMPILER_APPICON_NAME = AppIcon;
				ASSETCATALOG_COMPILER_GLOBAL_ACCENT_COLOR_NAME = AccentColor;
				ASSETCATALOG_COMPILER_INCLUDE_ALL_APPICON_ASSETS = YES;
				CODE_SIGN_ENTITLEMENTS = DailyChineseIdiom/DailyChineseIdiom.entitlements;
				CODE_SIGN_STYLE = Automatic;
				CURRENT_PROJECT_VERSION = 1.20;
				DEVELOPMENT_ASSET_PATHS = "\"DailyChineseIdiom/Preview Content\"";
				DEVELOPMENT_TEAM = JU395NH3KL;
				ENABLE_HARDENED_RUNTIME = YES;
				ENABLE_PREVIEWS = YES;
				GENERATE_INFOPLIST_FILE = YES;
				INFOPLIST_KEY_CFBundleDisplayName = ChengYu;
				INFOPLIST_KEY_LSApplicationCategoryType = "public.app-category.education";
				"INFOPLIST_KEY_UIApplicationSceneManifest_Generation[sdk=iphoneos*]" = YES;
				"INFOPLIST_KEY_UIApplicationSceneManifest_Generation[sdk=iphonesimulator*]" = YES;
				"INFOPLIST_KEY_UIApplicationSupportsIndirectInputEvents[sdk=iphoneos*]" = YES;
				"INFOPLIST_KEY_UIApplicationSupportsIndirectInputEvents[sdk=iphonesimulator*]" = YES;
				"INFOPLIST_KEY_UILaunchScreen_Generation[sdk=iphoneos*]" = YES;
				"INFOPLIST_KEY_UILaunchScreen_Generation[sdk=iphonesimulator*]" = YES;
				"INFOPLIST_KEY_UIStatusBarStyle[sdk=iphoneos*]" = UIStatusBarStyleDefault;
				"INFOPLIST_KEY_UIStatusBarStyle[sdk=iphonesimulator*]" = UIStatusBarStyleDefault;
				INFOPLIST_KEY_UISupportedInterfaceOrientations_iPad = "UIInterfaceOrientationPortrait UIInterfaceOrientationPortraitUpsideDown UIInterfaceOrientationLandscapeLeft UIInterfaceOrientationLandscapeRight";
				INFOPLIST_KEY_UISupportedInterfaceOrientations_iPhone = "UIInterfaceOrientationPortrait UIInterfaceOrientationLandscapeLeft UIInterfaceOrientationLandscapeRight";
				IPHONEOS_DEPLOYMENT_TARGET = 18.0;
				LD_RUNPATH_SEARCH_PATHS = "@executable_path/Frameworks";
				"LD_RUNPATH_SEARCH_PATHS[sdk=macosx*]" = "@executable_path/../Frameworks";
				MACOSX_DEPLOYMENT_TARGET = 15.1;
				MARKETING_VERSION = 1.06;
				PRODUCT_BUNDLE_IDENTIFIER = com.wilsonlimsetiawan.dailychineseidioms;
				PRODUCT_NAME = "$(TARGET_NAME)";
				SDKROOT = auto;
				SUPPORTED_PLATFORMS = "iphoneos iphonesimulator";
				SUPPORTS_MACCATALYST = NO;
				SWIFT_EMIT_LOC_STRINGS = YES;
				SWIFT_VERSION = 5.0;
				TARGETED_DEVICE_FAMILY = 1;
				XROS_DEPLOYMENT_TARGET = 2.2;
			};
			name = Release;
		};
		9599120F2D29FC3500654A78 /* Debug */ = {
			isa = XCBuildConfiguration;
			buildSettings = {
				ASSETCATALOG_COMPILER_GLOBAL_ACCENT_COLOR_NAME = AccentColor;
				ASSETCATALOG_COMPILER_WIDGET_BACKGROUND_COLOR_NAME = WidgetBackground;
				CODE_SIGN_ENTITLEMENTS = DailyIdiomExtension.entitlements;
				CODE_SIGN_STYLE = Automatic;
				CURRENT_PROJECT_VERSION = 1.19;
				DEVELOPMENT_TEAM = JU395NH3KL;
				GENERATE_INFOPLIST_FILE = YES;
				INFOPLIST_FILE = DailyIdiom/Info.plist;
				INFOPLIST_KEY_CFBundleDisplayName = "Daily Chinese Idioms";
				INFOPLIST_KEY_NSHumanReadableCopyright = "";
				IPHONEOS_DEPLOYMENT_TARGET = 18.0;
				LD_RUNPATH_SEARCH_PATHS = (
					"$(inherited)",
					"@executable_path/Frameworks",
					"@executable_path/../../Frameworks",
				);
				MARKETING_VERSION = 1.06;
				PRODUCT_BUNDLE_IDENTIFIER = com.wilsonlimsetiawan.dailychineseidioms.widget;
				PRODUCT_NAME = "$(TARGET_NAME)";
				REGISTER_APP_GROUPS = NO;
				SDKROOT = iphoneos;
				SKIP_INSTALL = YES;
				SUPPORTED_PLATFORMS = "iphoneos iphonesimulator";
				SUPPORTS_MACCATALYST = NO;
				SUPPORTS_MAC_DESIGNED_FOR_IPHONE_IPAD = NO;
				SUPPORTS_XR_DESIGNED_FOR_IPHONE_IPAD = NO;
				SWIFT_EMIT_LOC_STRINGS = YES;
				SWIFT_VERSION = 5.0;
				TARGETED_DEVICE_FAMILY = 1;
			};
			name = Debug;
		};
		959912102D29FC3500654A78 /* Release */ = {
			isa = XCBuildConfiguration;
			buildSettings = {
				ASSETCATALOG_COMPILER_GLOBAL_ACCENT_COLOR_NAME = AccentColor;
				ASSETCATALOG_COMPILER_WIDGET_BACKGROUND_COLOR_NAME = WidgetBackground;
				CODE_SIGN_ENTITLEMENTS = DailyIdiomExtension.entitlements;
				CODE_SIGN_STYLE = Automatic;
				CURRENT_PROJECT_VERSION = 1.19;
				DEVELOPMENT_TEAM = JU395NH3KL;
				GENERATE_INFOPLIST_FILE = YES;
				INFOPLIST_FILE = DailyIdiom/Info.plist;
				INFOPLIST_KEY_CFBundleDisplayName = "Daily Chinese Idioms";
				INFOPLIST_KEY_NSHumanReadableCopyright = "";
				IPHONEOS_DEPLOYMENT_TARGET = 18.0;
				LD_RUNPATH_SEARCH_PATHS = (
					"$(inherited)",
					"@executable_path/Frameworks",
					"@executable_path/../../Frameworks",
				);
				MARKETING_VERSION = 1.06;
				PRODUCT_BUNDLE_IDENTIFIER = com.wilsonlimsetiawan.dailychineseidioms.widget;
				PRODUCT_NAME = "$(TARGET_NAME)";
				REGISTER_APP_GROUPS = NO;
				SDKROOT = iphoneos;
				SKIP_INSTALL = YES;
				SUPPORTED_PLATFORMS = "iphoneos iphonesimulator";
				SUPPORTS_MACCATALYST = NO;
				SUPPORTS_MAC_DESIGNED_FOR_IPHONE_IPAD = NO;
				SUPPORTS_XR_DESIGNED_FOR_IPHONE_IPAD = NO;
				SWIFT_EMIT_LOC_STRINGS = YES;
				SWIFT_VERSION = 5.0;
				TARGETED_DEVICE_FAMILY = 1;
				VALIDATE_PRODUCT = YES;
			};
			name = Release;
		};
/* End XCBuildConfiguration section */

/* Begin XCConfigurationList section */
		959911D82D29F88F00654A78 /* Build configuration list for PBXProject "DailyChineseIdioms" */ = {
			isa = XCConfigurationList;
			buildConfigurations = (
				959911EA2D29F89000654A78 /* Debug */,
				959911EB2D29F89000654A78 /* Release */,
			);
			defaultConfigurationIsVisible = 0;
			defaultConfigurationName = Release;
		};
		959911EC2D29F89000654A78 /* Build configuration list for PBXNativeTarget "DailyChineseIdioms" */ = {
			isa = XCConfigurationList;
			buildConfigurations = (
				959911ED2D29F89000654A78 /* Debug */,
				959911EE2D29F89000654A78 /* Release */,
			);
			defaultConfigurationIsVisible = 0;
			defaultConfigurationName = Release;
		};
		9599120E2D29FC3500654A78 /* Build configuration list for PBXNativeTarget "DailyIdiomExtension" */ = {
			isa = XCConfigurationList;
			buildConfigurations = (
				9599120F2D29FC3500654A78 /* Debug */,
				959912102D29FC3500654A78 /* Release */,
			);
			defaultConfigurationIsVisible = 0;
			defaultConfigurationName = Release;
		};
/* End XCConfigurationList section */
	};
	rootObject = 959911D52D29F88F00654A78 /* Project object */;
}
